
Microsoft Visual Studio Solution File, Format Version 12.00
# Visual Studio Version 16
VisualStudioVersion = 16.0.30804.86
MinimumVisualStudioVersion = 10.0.40219.1
Project("{FAE04EC0-301F-11D3-BF4B-00C04F79EFBC}") = "PDF2Excel", "PDF2Excel\PDF2Excel.csproj", "{632F4ACD-3A0F-483D-8648-5A5978A418FC}"
EndProject
Global
	GlobalSection(SolutionConfigurationPlatforms) = preSolution
		Debug|Any CPU = Debug|Any CPU
		Release|Any CPU = Release|Any CPU
	EndGlobalSection
	GlobalSection(ProjectConfigurationPlatforms) = postSolution
		{632F4ACD-3A0F-483D-8648-5A5978A418FC}.Debug|Any CPU.ActiveCfg = Debug|Any CPU
		{632F4ACD-3A0F-483D-8648-5A5978A418FC}.Debug|Any CPU.Build.0 = Debug|Any CPU
		{632F4ACD-3A0F-483D-8648-5A5978A418FC}.Release|Any CPU.ActiveCfg = Release|Any CPU
		{632F4ACD-3A0F-483D-8648-5A5978A418FC}.Release|Any CPU.Build.0 = Release|Any CPU
	EndGlobalSection
	GlobalSection(SolutionProperties) = preSolution
		HideSolutionNode = FALSE
	EndGlobalSection
	GlobalSection(ExtensibilityGlobals) = postSolution
		SolutionGuid = {1BCC03B7-D8D9-4513-BF97-92584865439F}
	EndGlobalSection
EndGlobal
